
Microsoft Visual Studio Solution File, Format Version 12.00
# Visual Studio 14
VisualStudioVersion = 14.0.25420.1
MinimumVisualStudioVersion = 10.0.40219.1
Project("{FAE04EC0-301F-11D3-BF4B-00C04F79EFBC}") = "Webb4 DAL", "Webb4 DAL\Webb4 DAL.csproj", "{C92C9DCF-DD27-40E2-8B8F-438EDDCE165B}"
EndProject
Project("{FAE04EC0-301F-11D3-BF4B-00C04F79EFBC}") = "Webb4 - MVC", "Webb4 - MVC\Webb4 - MVC.csproj", "{921ABBB0-FABE-472B-8AB0-D371550914AB}"
EndProject
Project("{FAE04EC0-301F-11D3-BF4B-00C04F79EFBC}") = "Webb4-businesslayer", "Webb4-businesslayer\Webb4-businesslayer.csproj", "{48DC9410-7462-4E8B-8E5C-E7600533E788}"
EndProject
Project("{FAE04EC0-301F-11D3-BF4B-00C04F79EFBC}") = "ViewModels2", "ViewModels2\ViewModels2.csproj", "{52A3F234-922E-4C5B-8AD3-AEAEFD5342EB}"
EndProject
Global
	GlobalSection(SolutionConfigurationPlatforms) = preSolution
		Debug|Any CPU = Debug|Any CPU
		Release|Any CPU = Release|Any CPU
	EndGlobalSection
	GlobalSection(ProjectConfigurationPlatforms) = postSolution
		{C92C9DCF-DD27-40E2-8B8F-438EDDCE165B}.Debug|Any CPU.ActiveCfg = Debug|Any CPU
		{C92C9DCF-DD27-40E2-8B8F-438EDDCE165B}.Debug|Any CPU.Build.0 = Debug|Any CPU
		{C92C9DCF-DD27-40E2-8B8F-438EDDCE165B}.Release|Any CPU.ActiveCfg = Release|Any CPU
		{C92C9DCF-DD27-40E2-8B8F-438EDDCE165B}.Release|Any CPU.Build.0 = Release|Any CPU
		{921ABBB0-FABE-472B-8AB0-D371550914AB}.Debug|Any CPU.ActiveCfg = Debug|Any CPU
		{921ABBB0-FABE-472B-8AB0-D371550914AB}.Debug|Any CPU.Build.0 = Debug|Any CPU
		{921ABBB0-FABE-472B-8AB0-D371550914AB}.Release|Any CPU.ActiveCfg = Release|Any CPU
		{921ABBB0-FABE-472B-8AB0-D371550914AB}.Release|Any CPU.Build.0 = Release|Any CPU
		{48DC9410-7462-4E8B-8E5C-E7600533E788}.Debug|Any CPU.ActiveCfg = Debug|Any CPU
		{48DC9410-7462-4E8B-8E5C-E7600533E788}.Debug|Any CPU.Build.0 = Debug|Any CPU
		{48DC9410-7462-4E8B-8E5C-E7600533E788}.Release|Any CPU.ActiveCfg = Release|Any CPU
		{48DC9410-7462-4E8B-8E5C-E7600533E788}.Release|Any CPU.Build.0 = Release|Any CPU
		{52A3F234-922E-4C5B-8AD3-AEAEFD5342EB}.Debug|Any CPU.ActiveCfg = Debug|Any CPU
		{52A3F234-922E-4C5B-8AD3-AEAEFD5342EB}.Debug|Any CPU.Build.0 = Debug|Any CPU
		{52A3F234-922E-4C5B-8AD3-AEAEFD5342EB}.Release|Any CPU.ActiveCfg = Release|Any CPU
		{52A3F234-922E-4C5B-8AD3-AEAEFD5342EB}.Release|Any CPU.Build.0 = Release|Any CPU
	EndGlobalSection
	GlobalSection(SolutionProperties) = preSolution
		HideSolutionNode = FALSE
	EndGlobalSection
EndGlobal
